Microsoft Visual Studio Solution File, Format Version 12.00
# Visual Studio Version 17
VisualStudioVersion = 17.5.2.0
MinimumVisualStudioVersion = 10.0.40219.1
Project("{FAE04EC0-301F-11D3-BF4B-00C04F79EFBC}") = "uni9-2-2025-checkpoint-IV", "uni9-2-2025-checkpoint-IV\uni9-2-2025-checkpoint-IV.csproj", "{D90A5324-B172-5D0F-31B6-B32943FB308F}"
EndProject
Global
	GlobalSection(SolutionConfigurationPlatforms) = preSolution
		Debug|Any CPU = Debug|Any CPU
		Release|Any CPU = Release|Any CPU
	EndGlobalSection
	GlobalSection(ProjectConfigurationPlatforms) = postSolution
		{D90A5324-B172-5D0F-31B6-B32943FB308F}.Debug|Any CPU.ActiveCfg = Debug|Any CPU
		{D90A5324-B172-5D0F-31B6-B32943FB308F}.Debug|Any CPU.Build.0 = Debug|Any CPU
		{D90A5324-B172-5D0F-31B6-B32943FB308F}.Release|Any CPU.ActiveCfg = Release|Any CPU
		{D90A5324-B172-5D0F-31B6-B32943FB308F}.Release|Any CPU.Build.0 = Release|Any CPU
	EndGlobalSection
	GlobalSection(SolutionProperties) = preSolution
		HideSolutionNode = FALSE
	EndGlobalSection
	GlobalSection(ExtensibilityGlobals) = postSolution
		SolutionGuid = {3B68CF61-D97F-4D3C-BC95-8159C58DCDC6}
	EndGlobalSection
EndGlobal
